
Microsoft Visual Studio Solution File, Format Version 12.00
# Visual Studio 15
VisualStudioVersion = 15.0.27703.2042
MinimumVisualStudioVersion = 10.0.40219.1
Project("{9A19103F-16F7-4668-BE54-9A1E7A4F7556}") = "ToolQA", "ToolQA\ToolQA.csproj", "{43C07E4B-5682-4BEB-841F-A0842B114346}"
EndProject
Project("{9A19103F-16F7-4668-BE54-9A1E7A4F7556}") = "UnitTestProject_EFMS", "UnitTestProject_EFMS\UnitTestProject_EFMS.csproj", "{B0CAFF25-5449-4BAC-81CB-AFD94EE74EEE}"
EndProject
Global
	GlobalSection(SolutionConfigurationPlatforms) = preSolution
		Debug|Any CPU = Debug|Any CPU
		Release|Any CPU = Release|Any CPU
	EndGlobalSection
	GlobalSection(ProjectConfigurationPlatforms) = postSolution
		{43C07E4B-5682-4BEB-841F-A0842B114346}.Debug|Any CPU.ActiveCfg = Debug|Any CPU
		{43C07E4B-5682-4BEB-841F-A0842B114346}.Debug|Any CPU.Build.0 = Debug|Any CPU
		{43C07E4B-5682-4BEB-841F-A0842B114346}.Release|Any CPU.ActiveCfg = Release|Any CPU
		{43C07E4B-5682-4BEB-841F-A0842B114346}.Release|Any CPU.Build.0 = Release|Any CPU
		{B0CAFF25-5449-4BAC-81CB-AFD94EE74EEE}.Debug|Any CPU.ActiveCfg = Debug|Any CPU
		{B0CAFF25-5449-4BAC-81CB-AFD94EE74EEE}.Debug|Any CPU.Build.0 = Debug|Any CPU
		{B0CAFF25-5449-4BAC-81CB-AFD94EE74EEE}.Release|Any CPU.ActiveCfg = Release|Any CPU
		{B0CAFF25-5449-4BAC-81CB-AFD94EE74EEE}.Release|Any CPU.Build.0 = Release|Any CPU
	EndGlobalSection
	GlobalSection(SolutionProperties) = preSolution
		HideSolutionNode = FALSE
	EndGlobalSection
	GlobalSection(ExtensibilityGlobals) = postSolution
		SolutionGuid = {FD50FF33-B8CF-40E4-9ABB-097E37CB9B38}
	EndGlobalSection
EndGlobal
